
Microsoft Visual Studio Solution File, Format Version 12.00
# Visual Studio 15
VisualStudioVersion = 15.0.28010.2036
MinimumVisualStudioVersion = 10.0.40219.1
Project("{FAE04EC0-301F-11D3-BF4B-00C04F79EFBC}") = "RubiksCubeLib", "RubiksCubeLib\RubiksCubeLib.csproj", "{C6E79F6C-B406-4AAE-A516-C89B0485647B}"
EndProject
Project("{FAE04EC0-301F-11D3-BF4B-00C04F79EFBC}") = "RubiksCubeTest", "RubiksCubeTest\RubiksCubeTest.csproj", "{2ACDC708-E65F-4EB7-B4A7-68DC40BA1C8F}"
EndProject
Project("{FAE04EC0-301F-11D3-BF4B-00C04F79EFBC}") = "RubiksCubeUI", "RubiksCubeUI\RubiksCubeUI.csproj", "{9464FF31-A889-4317-B3C2-F73D1501BDA7}"
EndProject
Global
	GlobalSection(SolutionConfigurationPlatforms) = preSolution
		Debug|Any CPU = Debug|Any CPU
		Release|Any CPU = Release|Any CPU
	EndGlobalSection
	GlobalSection(ProjectConfigurationPlatforms) = postSolution
		{C6E79F6C-B406-4AAE-A516-C89B0485647B}.Debug|Any CPU.ActiveCfg = Debug|Any CPU
		{C6E79F6C-B406-4AAE-A516-C89B0485647B}.Debug|Any CPU.Build.0 = Debug|Any CPU
		{C6E79F6C-B406-4AAE-A516-C89B0485647B}.Release|Any CPU.ActiveCfg = Release|Any CPU
		{C6E79F6C-B406-4AAE-A516-C89B0485647B}.Release|Any CPU.Build.0 = Release|Any CPU
		{2ACDC708-E65F-4EB7-B4A7-68DC40BA1C8F}.Debug|Any CPU.ActiveCfg = Debug|Any CPU
		{2ACDC708-E65F-4EB7-B4A7-68DC40BA1C8F}.Debug|Any CPU.Build.0 = Debug|Any CPU
		{2ACDC708-E65F-4EB7-B4A7-68DC40BA1C8F}.Release|Any CPU.ActiveCfg = Release|Any CPU
		{2ACDC708-E65F-4EB7-B4A7-68DC40BA1C8F}.Release|Any CPU.Build.0 = Release|Any CPU
		{9464FF31-A889-4317-B3C2-F73D1501BDA7}.Debug|Any CPU.ActiveCfg = Debug|Any CPU
		{9464FF31-A889-4317-B3C2-F73D1501BDA7}.Debug|Any CPU.Build.0 = Debug|Any CPU
		{9464FF31-A889-4317-B3C2-F73D1501BDA7}.Release|Any CPU.ActiveCfg = Release|Any CPU
		{9464FF31-A889-4317-B3C2-F73D1501BDA7}.Release|Any CPU.Build.0 = Release|Any CPU
	EndGlobalSection
	GlobalSection(SolutionProperties) = preSolution
		HideSolutionNode = FALSE
	EndGlobalSection
	GlobalSection(ExtensibilityGlobals) = postSolution
		SolutionGuid = {2E4D176E-78C4-42EE-8180-997A0E53DC63}
	EndGlobalSection
EndGlobal
